
Microsoft Visual Studio Solution File, Format Version 12.00
# Visual Studio 15
VisualStudioVersion = 15.0.26730.16
MinimumVisualStudioVersion = 10.0.40219.1
Project("{FAE04EC0-301F-11D3-BF4B-00C04F79EFBC}") = "MyFirstWebApp", "MyFirstWebApp\MyFirstWebApp.csproj", "{84149691-0BFD-4C4A-9713-7272ED780FCF}"
EndProject
Global
	GlobalSection(SolutionConfigurationPlatforms) = preSolution
		Debug|Any CPU = Debug|Any CPU
		Release|Any CPU = Release|Any CPU
	EndGlobalSection
	GlobalSection(ProjectConfigurationPlatforms) = postSolution
		{84149691-0BFD-4C4A-9713-7272ED780FCF}.Debug|Any CPU.ActiveCfg = Debug|Any CPU
		{84149691-0BFD-4C4A-9713-7272ED780FCF}.Debug|Any CPU.Build.0 = Debug|Any CPU
		{84149691-0BFD-4C4A-9713-7272ED780FCF}.Release|Any CPU.ActiveCfg = Release|Any CPU
		{84149691-0BFD-4C4A-9713-7272ED780FCF}.Release|Any CPU.Build.0 = Release|Any CPU
	EndGlobalSection
	GlobalSection(SolutionProperties) = preSolution
		HideSolutionNode = FALSE
	EndGlobalSection
	GlobalSection(ExtensibilityGlobals) = postSolution
		SolutionGuid = {3A354872-3CA6-4EB0-B4B2-B3E90ACF6B39}
	EndGlobalSection
EndGlobal
