
Microsoft Visual Studio Solution File, Format Version 12.00
# Visual Studio 15
VisualStudioVersion = 15.0.26730.16
MinimumVisualStudioVersion = 10.0.40219.1
Project("{FAE04EC0-301F-11D3-BF4B-00C04F79EFBC}") = "website", "website\website.csproj", "{A6E417F1-55FF-4321-9405-A8DF4D21FC98}"
EndProject
Global
	GlobalSection(SolutionConfigurationPlatforms) = preSolution
		Debug|Any CPU = Debug|Any CPU
		Release|Any CPU = Release|Any CPU
	EndGlobalSection
	GlobalSection(ProjectConfigurationPlatforms) = postSolution
		{A6E417F1-55FF-4321-9405-A8DF4D21FC98}.Debug|Any CPU.ActiveCfg = Debug|Any CPU
		{A6E417F1-55FF-4321-9405-A8DF4D21FC98}.Debug|Any CPU.Build.0 = Debug|Any CPU
		{A6E417F1-55FF-4321-9405-A8DF4D21FC98}.Release|Any CPU.ActiveCfg = Release|Any CPU
		{A6E417F1-55FF-4321-9405-A8DF4D21FC98}.Release|Any CPU.Build.0 = Release|Any CPU
	EndGlobalSection
	GlobalSection(SolutionProperties) = preSolution
		HideSolutionNode = FALSE
	EndGlobalSection
	GlobalSection(ExtensibilityGlobals) = postSolution
		SolutionGuid = {0264415F-8224-4AF0-A33D-07CCDD727ED5}
	EndGlobalSection
EndGlobal
